
Microsoft Visual Studio Solution File, Format Version 12.00
# Visual Studio 15
VisualStudioVersion = 15.0.26730.15
MinimumVisualStudioVersion = 10.0.40219.1
Project("{9A19103F-16F7-4668-BE54-9A1E7A4F7556}") = "ScheduleRegisterFunctionApp", "ScheduleRegisterFunctionApp\ScheduleRegisterFunctionApp.csproj", "{F77F8EE9-CB5B-4A4A-8F96-6D55BD3CE935}"
EndProject
Global
	GlobalSection(SolutionConfigurationPlatforms) = preSolution
		Debug|Any CPU = Debug|Any CPU
		Release|Any CPU = Release|Any CPU
	EndGlobalSection
	GlobalSection(ProjectConfigurationPlatforms) = postSolution
		{F77F8EE9-CB5B-4A4A-8F96-6D55BD3CE935}.Debug|Any CPU.ActiveCfg = Debug|Any CPU
		{F77F8EE9-CB5B-4A4A-8F96-6D55BD3CE935}.Debug|Any CPU.Build.0 = Debug|Any CPU
		{F77F8EE9-CB5B-4A4A-8F96-6D55BD3CE935}.Release|Any CPU.ActiveCfg = Release|Any CPU
		{F77F8EE9-CB5B-4A4A-8F96-6D55BD3CE935}.Release|Any CPU.Build.0 = Release|Any CPU
	EndGlobalSection
	GlobalSection(SolutionProperties) = preSolution
		HideSolutionNode = FALSE
	EndGlobalSection
	GlobalSection(ExtensibilityGlobals) = postSolution
		SolutionGuid = {1C49919E-4E2D-4CF6-8A21-C7F196168CB3}
	EndGlobalSection
EndGlobal
